// !$*UTF8*$!
{
	archiveVersion = 1;
	classes = {
	};
	objectVersion = 51;
	objects = {

/* Begin PBXBuildFile section */
		6CB3E3D7E239096DBD80B492 /* Pods_SSRefreshExample.framework in Frameworks */ = {isa = PBXBuildFile; fileRef = C35FB570827877AC8CBD0D50 /* Pods_SSRefreshExample.framework */; };
		97BFBF95254FFB4800C18D02 /* AppDelegate.swift in Sources */ = {isa = PBXBuildFile; fileRef = 97BFBF94254FFB4800C18D02 /* AppDelegate.swift */; };
		97BFBF97254FFB4800C18D02 /* SceneDelegate.swift in Sources */ = {isa = PBXBuildFile; fileRef = 97BFBF96254FFB4800C18D02 /* SceneDelegate.swift */; };
		97BFBF99254FFB4800C18D02 /* ViewController.swift in Sources */ = {isa = PBXBuildFile; fileRef = 97BFBF98254FFB4800C18D02 /* ViewController.swift */; };
		97BFBF9C254FFB4800C18D02 /* Main.storyboard in Resources */ = {isa = PBXBuildFile; fileRef = 97BFBF9A254FFB4800C18D02 /* Main.storyboard */; };
		97BFBF9E254FFB4900C18D02 /* Assets.xcassets in Resources */ = {isa = PBXBuildFile; fileRef = 97BFBF9D254FFB4900C18D02 /* Assets.xcassets */; };
		97BFBFA1254FFB4900C18D02 /* LaunchScreen.storyboard in Resources */ = {isa = PBXBuildFile; fileRef = 97BFBF9F254FFB4900C18D02 /* LaunchScreen.storyboard */; };
		97CD161225501526004341F8 /* DemoCollectionController.swift in Sources */ = {isa = PBXBuildFile; fileRef = 97CD160F25501526004341F8 /* DemoCollectionController.swift */; };
		97CD161325501526004341F8 /* DemoTableViewController.swift in Sources */ = {isa = PBXBuildFile; fileRef = 97CD161025501526004341F8 /* DemoTableViewController.swift */; };
		97CD161425501526004341F8 /* DemoTableController.swift in Sources */ = {isa = PBXBuildFile; fileRef = 97CD161125501526004341F8 /* DemoTableController.swift */; };
/* End PBXBuildFile section */

/* Begin PBXCopyFilesBuildPhase section */
		97BFBFC8254FFBE200C18D02 /* Embed Frameworks */ = {
			isa = PBXCopyFilesBuildPhase;
			buildActionMask = 2147483647;
			dstPath = "";
			dstSubfolderSpec = 10;
			files = (
			);
			name = "Embed Frameworks";
			runOnlyForDeploymentPostprocessing = 0;
		};
/* End PBXCopyFilesBuildPhase section */

/* Begin PBXFileReference section */
		158E732C1E0192390A06206A /* Pods-SSRefreshExample.release.xcconfig */ = {isa = PBXFileReference; includeInIndex = 1; lastKnownFileType = text.xcconfig; name = "Pods-SSRefreshExample.release.xcconfig"; path = "Target Support Files/Pods-SSRefreshExample/Pods-SSRefreshExample.release.xcconfig"; sourceTree = "<group>"; };
		97BFBF91254FFB4800C18D02 /* SSRefreshExample.app */ = {isa = PBXFileReference; explicitFileType = wrapper.application; includeInIndex = 0; path = SSRefreshExample.app; sourceTree = BUILT_PRODUCTS_DIR; };
		97BFBF94254FFB4800C18D02 /* AppDelegate.swift */ = {isa = PBXFileReference; lastKnownFileType = sourcecode.swift; path = AppDelegate.swift; sourceTree = "<group>"; };
		97BFBF96254FFB4800C18D02 /* SceneDelegate.swift */ = {isa = PBXFileReference; lastKnownFileType = sourcecode.swift; path = SceneDelegate.swift; sourceTree = "<group>"; };
		97BFBF98254FFB4800C18D02 /* ViewController.swift */ = {isa = PBXFileReference; lastKnownFileType = sourcecode.swift; path = ViewController.swift; sourceTree = "<group>"; };
		97BFBF9B254FFB4800C18D02 /* Base */ = {isa = PBXFileReference; lastKnownFileType = file.storyboard; name = Base; path = Base.lproj/Main.storyboard; sourceTree = "<group>"; };
		97BFBF9D254FFB4900C18D02 /* Assets.xcassets */ = {isa = PBXFileReference; lastKnownFileType = folder.assetcatalog; path = Assets.xcassets; sourceTree = "<group>"; };
		97BFBFA0254FFB4900C18D02 /* Base */ = {isa = PBXFileReference; lastKnownFileType = file.storyboard; name = Base; path = Base.lproj/LaunchScreen.storyboard; sourceTree = "<group>"; };
		97BFBFA2254FFB4900C18D02 /* Info.plist */ = {isa = PBXFileReference; lastKnownFileType = text.plist.xml; path = Info.plist; sourceTree = "<group>"; };
		97CD160F25501526004341F8 /* DemoCollectionController.swift */ = {isa = PBXFileReference; fileEncoding = 4; lastKnownFileType = sourcecode.swift; path = DemoCollectionController.swift; sourceTree = "<group>"; };
		97CD161025501526004341F8 /* DemoTableViewController.swift */ = {isa = PBXFileReference; fileEncoding = 4; lastKnownFileType = sourcecode.swift; path = DemoTableViewController.swift; sourceTree = "<group>"; };
		97CD161125501526004341F8 /* DemoTableController.swift */ = {isa = PBXFileReference; fileEncoding = 4; lastKnownFileType = sourcecode.swift; path = DemoTableController.swift; sourceTree = "<group>"; };
		C35FB570827877AC8CBD0D50 /* Pods_SSRefreshExample.framework */ = {isa = PBXFileReference; explicitFileType = wrapper.framework; includeInIndex = 0; path = Pods_SSRefreshExample.framework; sourceTree = BUILT_PRODUCTS_DIR; };
		CAC304D1D949D93DC28C38E4 /* Pods-SSRefreshExample.debug.xcconfig */ = {isa = PBXFileReference; includeInIndex = 1; lastKnownFileType = text.xcconfig; name = "Pods-SSRefreshExample.debug.xcconfig"; path = "Target Support Files/Pods-SSRefreshExample/Pods-SSRefreshExample.debug.xcconfig"; sourceTree = "<group>"; };
/* End PBXFileReference section */

/* Begin PBXFrameworksBuildPhase section */
		97BFBF8E254FFB4800C18D02 /* Frameworks */ = {
			isa = PBXFrameworksBuildPhase;
			buildActionMask = 2147483647;
			files = (
				6CB3E3D7E239096DBD80B492 /* Pods_SSRefreshExample.framework in Frameworks */,
			);
			runOnlyForDeploymentPostprocessing = 0;
		};
/* End PBXFrameworksBuildPhase section */

/* Begin PBXGroup section */
		97BFBF88254FFB4700C18D02 = {
			isa = PBXGroup;
			children = (
				97BFBF93254FFB4800C18D02 /* SSRefreshExample */,
				97BFBF92254FFB4800C18D02 /* Products */,
				97BFBFC5254FFBE200C18D02 /* Frameworks */,
				BCEEF311E770D5CE8E69EAB2 /* Pods */,
			);
			sourceTree = "<group>";
		};
		97BFBF92254FFB4800C18D02 /* Products */ = {
			isa = PBXGroup;
			children = (
				97BFBF91254FFB4800C18D02 /* SSRefreshExample.app */,
			);
			name = Products;
			sourceTree = "<group>";
		};
		97BFBF93254FFB4800C18D02 /* SSRefreshExample */ = {
			isa = PBXGroup;
			children = (
				97BFBF94254FFB4800C18D02 /* AppDelegate.swift */,
				97BFBF96254FFB4800C18D02 /* SceneDelegate.swift */,
				97BFBF98254FFB4800C18D02 /* ViewController.swift */,
				97CD160F25501526004341F8 /* DemoCollectionController.swift */,
				97CD161125501526004341F8 /* DemoTableController.swift */,
				97CD161025501526004341F8 /* DemoTableViewController.swift */,
				97BFBF9A254FFB4800C18D02 /* Main.storyboard */,
				97BFBF9D254FFB4900C18D02 /* Assets.xcassets */,
				97BFBF9F254FFB4900C18D02 /* LaunchScreen.storyboard */,
				97BFBFA2254FFB4900C18D02 /* Info.plist */,
			);
			path = SSRefreshExample;
			sourceTree = "<group>";
		};
		97BFBFC5254FFBE200C18D02 /* Frameworks */ = {
			isa = PBXGroup;
			children = (
				C35FB570827877AC8CBD0D50 /* Pods_SSRefreshExample.framework */,
			);
			name = Frameworks;
			sourceTree = "<group>";
		};
		BCEEF311E770D5CE8E69EAB2 /* Pods */ = {
			isa = PBXGroup;
			children = (
				CAC304D1D949D93DC28C38E4 /* Pods-SSRefreshExample.debug.xcconfig */,
				158E732C1E0192390A06206A /* Pods-SSRefreshExample.release.xcconfig */,
			);
			path = Pods;
			sourceTree = "<group>";
		};
/* End PBXGroup section */

/* Begin PBXNativeTarget section */
		97BFBF90254FFB4800C18D02 /* SSRefreshExample */ = {
			isa = PBXNativeTarget;
			buildConfigurationList = 97BFBFA5254FFB4900C18D02 /* Build configuration list for PBXNativeTarget "SSRefreshExample" */;
			buildPhases = (
				794B12D51D6F747E990C3987 /* [CP] Check Pods Manifest.lock */,
				97BFBF8D254FFB4800C18D02 /* Sources */,
				97BFBF8E254FFB4800C18D02 /* Frameworks */,
				97BFBF8F254FFB4800C18D02 /* Resources */,
				97BFBFC8254FFBE200C18D02 /* Embed Frameworks */,
				D90BA11DACAE787461AD07D2 /* [CP] Embed Pods Frameworks */,
			);
			buildRules = (
			);
			dependencies = (
			);
			name = SSRefreshExample;
			packageProductDependencies = (
			);
			productName = SSRefreshExample;
			productReference = 97BFBF91254FFB4800C18D02 /* SSRefreshExample.app */;
			productType = "com.apple.product-type.application";
		};
/* End PBXNativeTarget section */

/* Begin PBXProject section */
		97BFBF89254FFB4700C18D02 /* Project object */ = {
			isa = PBXProject;
			attributes = {
				LastSwiftUpdateCheck = 1210;
				LastUpgradeCheck = 1210;
				TargetAttributes = {
					97BFBF90254FFB4800C18D02 = {
						CreatedOnToolsVersion = 12.1;
					};
				};
			};
			buildConfigurationList = 97BFBF8C254FFB4700C18D02 /* Build configuration list for PBXProject "SSRefreshExample" */;
			compatibilityVersion = "Xcode 9.3";
			developmentRegion = en;
			hasScannedForEncodings = 0;
			knownRegions = (
				en,
				Base,
			);
			mainGroup = 97BFBF88254FFB4700C18D02;
			packageReferences = (
			);
			productRefGroup = 97BFBF92254FFB4800C18D02 /* Products */;
			projectDirPath = "";
			projectRoot = "";
			targets = (
				97BFBF90254FFB4800C18D02 /* SSRefreshExample */,
			);
		};
/* End PBXProject section */

/* Begin PBXResourcesBuildPhase section */
		97BFBF8F254FFB4800C18D02 /* Resources */ = {
			isa = PBXResourcesBuildPhase;
			buildActionMask = 2147483647;
			files = (
				97BFBFA1254FFB4900C18D02 /* LaunchScreen.storyboard in Resources */,
				97BFBF9E254FFB4900C18D02 /* Assets.xcassets in Resources */,
				97BFBF9C254FFB4800C18D02 /* Main.storyboard in Resources */,
			);
			runOnlyForDeploymentPostprocessing = 0;
		};
/* End PBXResourcesBuildPhase section */

/* Begin PBXShellScriptBuildPhase section */
		794B12D51D6F747E990C3987 /* [CP] Check Pods Manifest.lock */ = {
			isa = PBXShellScriptBuildPhase;
			buildActionMask = 2147483647;
			files = (
			);
			inputFileListPaths = (
			);
			inputPaths = (
				"${PODS_PODFILE_DIR_PATH}/Podfile.lock",
				"${PODS_ROOT}/Manifest.lock",
			);
			name = "[CP] Check Pods Manifest.lock";
			outputFileListPaths = (
			);
			outputPaths = (
				"$(DERIVED_FILE_DIR)/Pods-SSRefreshExample-checkManifestLockResult.txt",
			);
			runOnlyForDeploymentPostprocessing = 0;
			shellPath = /bin/sh;
			shellScript = "diff \"${PODS_PODFILE_DIR_PATH}/Podfile.lock\" \"${PODS_ROOT}/Manifest.lock\" > /dev/null\nif [ $? != 0 ] ; then\n    # print error to STDERR\n    echo \"error: The sandbox is not in sync with the Podfile.lock. Run 'pod install' or update your CocoaPods installation.\" >&2\n    exit 1\nfi\n# This output is used by Xcode 'outputs' to avoid re-running this script phase.\necho \"SUCCESS\" > \"${SCRIPT_OUTPUT_FILE_0}\"\n";
			showEnvVarsInLog = 0;
		};
		D90BA11DACAE787461AD07D2 /* [CP] Embed Pods Frameworks */ = {
			isa = PBXShellScriptBuildPhase;
			buildActionMask = 2147483647;
			files = (
			);
			inputFileListPaths = (
				"${PODS_ROOT}/Target Support Files/Pods-SSRefreshExample/Pods-SSRefreshExample-frameworks-${CONFIGURATION}-input-files.xcfilelist",
			);
			name = "[CP] Embed Pods Frameworks";
			outputFileListPaths = (
				"${PODS_ROOT}/Target Support Files/Pods-SSRefreshExample/Pods-SSRefreshExample-frameworks-${CONFIGURATION}-output-files.xcfilelist",
			);
			runOnlyForDeploymentPostprocessing = 0;
			shellPath = /bin/sh;
			shellScript = "\"${PODS_ROOT}/Target Support Files/Pods-SSRefreshExample/Pods-SSRefreshExample-frameworks.sh\"\n";
			showEnvVarsInLog = 0;
		};
/* End PBXShellScriptBuildPhase section */

/* Begin PBXSourcesBuildPhase section */
		97BFBF8D254FFB4800C18D02 /* Sources */ = {
			isa = PBXSourcesBuildPhase;
			buildActionMask = 2147483647;
			files = (
				97CD161325501526004341F8 /* DemoTableViewController.swift in Sources */,
				97BFBF99254FFB4800C18D02 /* ViewController.swift in Sources */,
				97BFBF95254FFB4800C18D02 /* AppDelegate.swift in Sources */,
				97CD161425501526004341F8 /* DemoTableController.swift in Sources */,
				97CD161225501526004341F8 /* DemoCollectionController.swift in Sources */,
				97BFBF97254FFB4800C18D02 /* SceneDelegate.swift in Sources */,
			);
			runOnlyForDeploymentPostprocessing = 0;
		};
/* End PBXSourcesBuildPhase section */

/* Begin PBXVariantGroup section */
		97BFBF9A254FFB4800C18D02 /* Main.storyboard */ = {
			isa = PBXVariantGroup;
			children = (
				97BFBF9B254FFB4800C18D02 /* Base */,
			);
			name = Main.storyboard;
			sourceTree = "<group>";
		};
		97BFBF9F254FFB4900C18D02 /* LaunchScreen.storyboard */ = {
			isa = PBXVariantGroup;
			children = (
				97BFBFA0254FFB4900C18D02 /* Base */,
			);
			name = LaunchScreen.storyboard;
			sourceTree = "<group>";
		};
/* End PBXVariantGroup section */

/* Begin XCBuildConfiguration section */
		97BFBFA3254FFB4900C18D02 /* Debug */ = {
			isa = XCBuildConfiguration;
			buildSettings = {
				ALWAYS_SEARCH_USER_PATHS = NO;
				CLANG_ANALYZER_NONNULL = YES;
				CLANG_ANALYZER_NUMBER_OBJECT_CONVERSION = YES_AGGRESSIVE;
				CLANG_CXX_LANGUAGE_STANDARD = "gnu++14";
				CLANG_CXX_LIBRARY = "libc++";
				CLANG_ENABLE_MODULES = YES;
				CLANG_ENABLE_OBJC_ARC = YES;
				CLANG_ENABLE_OBJC_WEAK = YES;
				CLANG_WARN_BLOCK_CAPTURE_AUTORELEASING = YES;
				CLANG_WARN_BOOL_CONVERSION = YES;
				CLANG_WARN_COMMA = YES;
				CLANG_WARN_CONSTANT_CONVERSION = YES;
				CLANG_WARN_DEPRECATED_OBJC_IMPLEMENTATIONS = YES;
				CLANG_WARN_DIRECT_OBJC_ISA_USAGE = YES_ERROR;
				CLANG_WARN_DOCUMENTATION_COMMENTS = YES;
				CLANG_WARN_EMPTY_BODY = YES;
				CLANG_WARN_ENUM_CONVERSION = YES;
				CLANG_WARN_INFINITE_RECURSION = YES;
				CLANG_WARN_INT_CONVERSION = YES;
				CLANG_WARN_NON_LITERAL_NULL_CONVERSION = YES;
				CLANG_WARN_OBJC_IMPLICIT_RETAIN_SELF = YES;
				CLANG_WARN_OBJC_LITERAL_CONVERSION = YES;
				CLANG_WARN_OBJC_ROOT_CLASS = YES_ERROR;
				CLANG_WARN_QUOTED_INCLUDE_IN_FRAMEWORK_HEADER = YES;
				CLANG_WARN_RANGE_LOOP_ANALYSIS = YES;
				CLANG_WARN_STRICT_PROTOTYPES = YES;
				CLANG_WARN_SUSPICIOUS_MOVE = YES;
				CLANG_WARN_UNGUARDED_AVAILABILITY = YES_AGGRESSIVE;
				CLANG_WARN_UNREACHABLE_CODE = YES;
				CLANG_WARN__DUPLICATE_METHOD_MATCH = YES;
				COPY_PHASE_STRIP = NO;
				DEBUG_INFORMATION_FORMAT = dwarf;
				ENABLE_STRICT_OBJC_MSGSEND = YES;
				ENABLE_TESTABILITY = YES;
				GCC_C_LANGUAGE_STANDARD = gnu11;
				GCC_DYNAMIC_NO_PIC = NO;
				GCC_NO_COMMON_BLOCKS = YES;
				GCC_OPTIMIZATION_LEVEL = 0;
				GCC_PREPROCESSOR_DEFINITIONS = (
					"DEBUG=1",
					"$(inherited)",
				);
				GCC_WARN_64_TO_32_BIT_CONVERSION = YES;
				GCC_WARN_ABOUT_RETURN_TYPE = YES_ERROR;
				GCC_WARN_UNDECLARED_SELECTOR = YES;
				GCC_WARN_UNINITIALIZED_AUTOS = YES_AGGRESSIVE;
				GCC_WARN_UNUSED_FUNCTION = YES;
				GCC_WARN_UNUSED_VARIABLE = YES;
				IPHONEOS_DEPLOYMENT_TARGET = 14.1;
				MTL_ENABLE_DEBUG_INFO = INCLUDE_SOURCE;
				MTL_FAST_MATH = YES;
				ONLY_ACTIVE_ARCH = YES;
				SDKROOT = iphoneos;
				SWIFT_ACTIVE_COMPILATION_CONDITIONS = DEBUG;
				SWIFT_OPTIMIZATION_LEVEL = "-Onone";
			};
			name = Debug;
		};
		97BFBFA4254FFB4900C18D02 /* Release */ = {
			isa = XCBuildConfiguration;
			buildSettings = {
				ALWAYS_SEARCH_USER_PATHS = NO;
				CLANG_ANALYZER_NONNULL = YES;
				CLANG_ANALYZER_NUMBER_OBJECT_CONVERSION = YES_AGGRESSIVE;
				CLANG_CXX_LANGUAGE_STANDARD = "gnu++14";
				CLANG_CXX_LIBRARY = "libc++";
				CLANG_ENABLE_MODULES = YES;
				CLANG_ENABLE_OBJC_ARC = YES;
				CLANG_ENABLE_OBJC_WEAK = YES;
				CLANG_WARN_BLOCK_CAPTURE_AUTORELEASING = YES;
				CLANG_WARN_BOOL_CONVERSION = YES;
				CLANG_WARN_COMMA = YES;
				CLANG_WARN_CONSTANT_CONVERSION = YES;
				CLANG_WARN_DEPRECATED_OBJC_IMPLEMENTATIONS = YES;
				CLANG_WARN_DIRECT_OBJC_ISA_USAGE = YES_ERROR;
				CLANG_WARN_DOCUMENTATION_COMMENTS = YES;
				CLANG_WARN_EMPTY_BODY = YES;
				CLANG_WARN_ENUM_CONVERSION = YES;
				CLANG_WARN_INFINITE_RECURSION = YES;
				CLANG_WARN_INT_CONVERSION = YES;
				CLANG_WARN_NON_LITERAL_NULL_CONVERSION = YES;
				CLANG_WARN_OBJC_IMPLICIT_RETAIN_SELF = YES;
				CLANG_WARN_OBJC_LITERAL_CONVERSION = YES;
				CLANG_WARN_OBJC_ROOT_CLASS = YES_ERROR;
				CLANG_WARN_QUOTED_INCLUDE_IN_FRAMEWORK_HEADER = YES;
				CLANG_WARN_RANGE_LOOP_ANALYSIS = YES;
				CLANG_WARN_STRICT_PROTOTYPES = YES;
				CLANG_WARN_SUSPICIOUS_MOVE = YES;
				CLANG_WARN_UNGUARDED_AVAILABILITY = YES_AGGRESSIVE;
				CLANG_WARN_UNREACHABLE_CODE = YES;
				CLANG_WARN__DUPLICATE_METHOD_MATCH = YES;
				COPY_PHASE_STRIP = NO;
				DEBUG_INFORMATION_FORMAT = "dwarf-with-dsym";
				ENABLE_NS_ASSERTIONS = NO;
				ENABLE_STRICT_OBJC_MSGSEND = YES;
				GCC_C_LANGUAGE_STANDARD = gnu11;
				GCC_NO_COMMON_BLOCKS = YES;
				GCC_WARN_64_TO_32_BIT_CONVERSION = YES;
				GCC_WARN_ABOUT_RETURN_TYPE = YES_ERROR;
				GCC_WARN_UNDECLARED_SELECTOR = YES;
				GCC_WARN_UNINITIALIZED_AUTOS = YES_AGGRESSIVE;
				GCC_WARN_UNUSED_FUNCTION = YES;
				GCC_WARN_UNUSED_VARIABLE = YES;
				IPHONEOS_DEPLOYMENT_TARGET = 14.1;
				MTL_ENABLE_DEBUG_INFO = NO;
				MTL_FAST_MATH = YES;
				SDKROOT = iphoneos;
				SWIFT_COMPILATION_MODE = wholemodule;
				SWIFT_OPTIMIZATION_LEVEL = "-O";
				VALIDATE_PRODUCT = YES;
			};
			name = Release;
		};
		97BFBFA6254FFB4900C18D02 /* Debug */ = {
			isa = XCBuildConfiguration;
			baseConfigurationReference = CAC304D1D949D93DC28C38E4 /* Pods-SSRefreshExample.debug.xcconfig */;
			buildSettings = {
				ASSETCATALOG_COMPILER_APPICON_NAME = AppIcon;
				ASSETCATALOG_COMPILER_GLOBAL_ACCENT_COLOR_NAME = AccentColor;
				CODE_SIGN_STYLE = Automatic;
				DEVELOPMENT_TEAM = N9G92VG962;
				INFOPLIST_FILE = SSRefreshExample/Info.plist;
				LD_RUNPATH_SEARCH_PATHS = (
					"$(inherited)",
					"@executable_path/Frameworks",
				);
				PRODUCT_BUNDLE_IDENTIFIER = com.fraker.SSRefreshExample;
				PRODUCT_NAME = "$(TARGET_NAME)";
				SWIFT_VERSION = 5.0;
				TARGETED_DEVICE_FAMILY = "1,2";
			};
			name = Debug;
		};
		97BFBFA7254FFB4900C18D02 /* Release */ = {
			isa = XCBuildConfiguration;
			baseConfigurationReference = 158E732C1E0192390A06206A /* Pods-SSRefreshExample.release.xcconfig */;
			buildSettings = {
				ASSETCATALOG_COMPILER_APPICON_NAME = AppIcon;
				ASSETCATALOG_COMPILER_GLOBAL_ACCENT_COLOR_NAME = AccentColor;
				CODE_SIGN_STYLE = Automatic;
				DEVELOPMENT_TEAM = N9G92VG962;
				INFOPLIST_FILE = SSRefreshExample/Info.plist;
				LD_RUNPATH_SEARCH_PATHS = (
					"$(inherited)",
					"@executable_path/Frameworks",
				);
				PRODUCT_BUNDLE_IDENTIFIER = com.fraker.SSRefreshExample;
				PRODUCT_NAME = "$(TARGET_NAME)";
				SWIFT_VERSION = 5.0;
				TARGETED_DEVICE_FAMILY = "1,2";
			};
			name = Release;
		};
/* End XCBuildConfiguration section */

/* Begin XCConfigurationList section */
		97BFBF8C254FFB4700C18D02 /* Build configuration list for PBXProject "SSRefreshExample" */ = {
			isa = XCConfigurationList;
			buildConfigurations = (
				97BFBFA3254FFB4900C18D02 /* Debug */,
				97BFBFA4254FFB4900C18D02 /* Release */,
			);
			defaultConfigurationIsVisible = 0;
			defaultConfigurationName = Release;
		};
		97BFBFA5254FFB4900C18D02 /* Build configuration list for PBXNativeTarget "SSRefreshExample" */ = {
			isa = XCConfigurationList;
			buildConfigurations = (
				97BFBFA6254FFB4900C18D02 /* Debug */,
				97BFBFA7254FFB4900C18D02 /* Release */,
			);
			defaultConfigurationIsVisible = 0;
			defaultConfigurationName = Release;
		};
/* End XCConfigurationList section */
	};
	rootObject = 97BFBF89254FFB4700C18D02 /* Project object */;
}
